{
  "name": "bitmex-data",
  "version": "1.0.0",
  "lockfileVersion": 1,
  "requires": true,
  "dependencies": {
    "bitmex-data-downloader": {
      "version": "1.0.2",
      "resolved": "https://registry.npmjs.org/bitmex-data-downloader/-/bitmex-data-downloader-1.0.2.tgz",
      "integrity": "sha512-TeNJaQPuaX2SspLdb9Yis9abvJXBIrXoKqQDayb/iZrhnHmZw0+Nq7Z9/nm2/RUNLtjuplvlmhJYc6wTwO9NeA==",
      "dev": true,
      "requires": {
        "fetch-register": "^1.3.0"
      }
    },
    "fetch-register": {
      "version": "1.3.0",
      "resolved": "https://registry.npmjs.org/fetch-register/-/fetch-register-1.3.0.tgz",
      "integrity": "sha512-xuaODD6QmNWUvpNl2D3IIYnqK4T4+wOBBTd92oJyP2P6eXsaHVavcNXnJTiGKiMsIb4KxejBxI+AVwof5Dc6rQ==",
      "dev": true,
      "requires": {
        "node-fetch": "^2.6.0"
      }
    },
    "node-fetch": {
      "version": "2.6.0",
      "resolved": "https://registry.npmjs.org/node-fetch/-/node-fetch-2.6.0.tgz",
      "integrity": "sha512-8dG4H5ujfvFiqDmVu9fQ5bOHUC15JMjMY/Zumv26oOvvVJjM67KF8koCWIabKQ1GJIa9r2mMZscBq/TbdOcmNA==",
      "dev": true
    }
  }
}
